// !$*UTF8*$!
{
	archiveVersion = 1;
	classes = {
	};
	objectVersion = 48;
	objects = {

/* Begin PBXBuildFile section */
		E21FC8902027EAE8002E1177 /* RestaurantSearchBar.swift in Sources */ = {isa = PBXBuildFile; fileRef = E21FC88F2027EAE8002E1177 /* RestaurantSearchBar.swift */; };
		E21FC8962027FA3D002E1177 /* RestaurantMapTableViewCell.swift in Sources */ = {isa = PBXBuildFile; fileRef = E21FC8942027FA3D002E1177 /* RestaurantMapTableViewCell.swift */; };
		E21FC8972027FA3D002E1177 /* RestaurantMapTableViewCell.xib in Resources */ = {isa = PBXBuildFile; fileRef = E21FC8952027FA3D002E1177 /* RestaurantMapTableViewCell.xib */; };
		E21FC8992027FE22002E1177 /* UITableView+Registrable.swift in Sources */ = {isa = PBXBuildFile; fileRef = E21FC8982027FE22002E1177 /* UITableView+Registrable.swift */; };
		E21FC89B2027FE4E002E1177 /* UITableView+CellDequeueble.swift in Sources */ = {isa = PBXBuildFile; fileRef = E21FC89A2027FE4E002E1177 /* UITableView+CellDequeueble.swift */; };
		E21FC89D2028073A002E1177 /* RestaurantMapDataSource.swift in Sources */ = {isa = PBXBuildFile; fileRef = E21FC89C2028073A002E1177 /* RestaurantMapDataSource.swift */; };
		E21FC89F202808AE002E1177 /* RestaurantMapDataSourceDelegate.swift in Sources */ = {isa = PBXBuildFile; fileRef = E21FC89E202808AE002E1177 /* RestaurantMapDataSourceDelegate.swift */; };
		E21FC8A2202831B0002E1177 /* NotificationKey.swift in Sources */ = {isa = PBXBuildFile; fileRef = E21FC8A0202831AF002E1177 /* NotificationKey.swift */; };
		E21FC8A3202831B0002E1177 /* NotificationUserInfoKey.swift in Sources */ = {isa = PBXBuildFile; fileRef = E21FC8A1202831B0002E1177 /* NotificationUserInfoKey.swift */; };
		E21FC8A72028D41F002E1177 /* RestaurantAnnotation.swift in Sources */ = {isa = PBXBuildFile; fileRef = E21FC8A62028D41F002E1177 /* RestaurantAnnotation.swift */; };
		E21FC8A92028D51B002E1177 /* RestaurantAnnotationView.swift in Sources */ = {isa = PBXBuildFile; fileRef = E21FC8A82028D51B002E1177 /* RestaurantAnnotationView.swift */; };
		E21FC8AB2028D67F002E1177 /* RestaurantDetailMapView.swift in Sources */ = {isa = PBXBuildFile; fileRef = E21FC8AA2028D67F002E1177 /* RestaurantDetailMapView.swift */; };
		E21FC8AD2028D699002E1177 /* RestaurantDetailMapViewDelegate.swift in Sources */ = {isa = PBXBuildFile; fileRef = E21FC8AC2028D699002E1177 /* RestaurantDetailMapViewDelegate.swift */; };
		E21FC8AF2028D87E002E1177 /* RestaurantDetailMapView.xib in Resources */ = {isa = PBXBuildFile; fileRef = E21FC8AE2028D87E002E1177 /* RestaurantDetailMapView.xib */; };
		E247FAAB2023687C007B4349 /* WebService.swift in Sources */ = {isa = PBXBuildFile; fileRef = E247FAAA2023687C007B4349 /* WebService.swift */; };
		E247FAAD20239AEE007B4349 /* RestaurantResponse.swift in Sources */ = {isa = PBXBuildFile; fileRef = E247FAAC20239AEE007B4349 /* RestaurantResponse.swift */; };
		E247FAAF20239FB4007B4349 /* ActivityIndicator.swift in Sources */ = {isa = PBXBuildFile; fileRef = E247FAAE20239FB4007B4349 /* ActivityIndicator.swift */; };
		E247FAB32023C919007B4349 /* ImageCacheView.swift in Sources */ = {isa = PBXBuildFile; fileRef = E247FAB22023C919007B4349 /* ImageCacheView.swift */; };
		E247FAB62023C92C007B4349 /* ImageCacheView.xib in Resources */ = {isa = PBXBuildFile; fileRef = E247FAB52023C92C007B4349 /* ImageCacheView.xib */; };
		E247FAB82023D39B007B4349 /* ImageCache.swift in Sources */ = {isa = PBXBuildFile; fileRef = E247FAB72023D39B007B4349 /* ImageCache.swift */; };
		E247FABA20250C3E007B4349 /* RestaurantMapViewController.swift in Sources */ = {isa = PBXBuildFile; fileRef = E247FAB920250C3E007B4349 /* RestaurantMapViewController.swift */; };
		E247FABC202511C3007B4349 /* UIView+ConstrainEdges.swift in Sources */ = {isa = PBXBuildFile; fileRef = E247FABB202511C3007B4349 /* UIView+ConstrainEdges.swift */; };
		E2A062EA202623C800C5FB53 /* NativeMapsHandler.swift in Sources */ = {isa = PBXBuildFile; fileRef = E2A062E9202623C800C5FB53 /* NativeMapsHandler.swift */; };
		E2A062EC2026247100C5FB53 /* Coordinate.swift in Sources */ = {isa = PBXBuildFile; fileRef = E2A062EB2026247100C5FB53 /* Coordinate.swift */; };
		E2A062F1202627C400C5FB53 /* Address.swift in Sources */ = {isa = PBXBuildFile; fileRef = E2A062F0202627C400C5FB53 /* Address.swift */; };
		E2A062F320264F0600C5FB53 /* WebNavigationView.swift in Sources */ = {isa = PBXBuildFile; fileRef = E2A062F220264F0600C5FB53 /* WebNavigationView.swift */; };
		E2A062F52026522200C5FB53 /* WebNavigationViewDelegate.swift in Sources */ = {isa = PBXBuildFile; fileRef = E2A062F42026522200C5FB53 /* WebNavigationViewDelegate.swift */; };
		E2DD534820224F8C002E7CCF /* AppDelegate.swift in Sources */ = {isa = PBXBuildFile; fileRef = E2DD534720224F8C002E7CCF /* AppDelegate.swift */; };
		E2DD534D20224F8C002E7CCF /* Main.storyboard in Resources */ = {isa = PBXBuildFile; fileRef = E2DD534B20224F8C002E7CCF /* Main.storyboard */; };
		E2DD534F20224F8C002E7CCF /* Assets.xcassets in Resources */ = {isa = PBXBuildFile; fileRef = E2DD534E20224F8C002E7CCF /* Assets.xcassets */; };
		E2DD535220224F8C002E7CCF /* LaunchScreen.storyboard in Resources */ = {isa = PBXBuildFile; fileRef = E2DD535020224F8C002E7CCF /* LaunchScreen.storyboard */; };
		E2DD53812022542D002E7CCF /* LunchViewController.swift in Sources */ = {isa = PBXBuildFile; fileRef = E2DD53802022542D002E7CCF /* LunchViewController.swift */; };
		E2DD538320225461002E7CCF /* InternetViewController.swift in Sources */ = {isa = PBXBuildFile; fileRef = E2DD538220225461002E7CCF /* InternetViewController.swift */; };
		E2DD538720225861002E7CCF /* RestaurantCollectionViewCell.swift in Sources */ = {isa = PBXBuildFile; fileRef = E2DD538520225861002E7CCF /* RestaurantCollectionViewCell.swift */; };
		E2DD538820225861002E7CCF /* RestaurantCollectionViewCell.xib in Resources */ = {isa = PBXBuildFile; fileRef = E2DD538620225861002E7CCF /* RestaurantCollectionViewCell.xib */; };
		E2DD53A720225896002E7CCF /* WebServiceResultType.swift in Sources */ = {isa = PBXBuildFile; fileRef = E2DD538B20225896002E7CCF /* WebServiceResultType.swift */; };
		E2DD53AB20225896002E7CCF /* ErrorHandleable.swift in Sources */ = {isa = PBXBuildFile; fileRef = E2DD539120225896002E7CCF /* ErrorHandleable.swift */; };
		E2DD53B020225896002E7CCF /* WebServiceError.swift in Sources */ = {isa = PBXBuildFile; fileRef = E2DD539620225896002E7CCF /* WebServiceError.swift */; };
		E2DD53B320225896002E7CCF /* NibLoadable.swift in Sources */ = {isa = PBXBuildFile; fileRef = E2DD539A20225896002E7CCF /* NibLoadable.swift */; };
		E2DD53B420225896002E7CCF /* ViewSetupable.swift in Sources */ = {isa = PBXBuildFile; fileRef = E2DD539B20225896002E7CCF /* ViewSetupable.swift */; };
		E2DD53B620225896002E7CCF /* Registrable.swift in Sources */ = {isa = PBXBuildFile; fileRef = E2DD539D20225896002E7CCF /* Registrable.swift */; };
		E2DD53B720225896002E7CCF /* CellDequeueble.swift in Sources */ = {isa = PBXBuildFile; fileRef = E2DD539E20225896002E7CCF /* CellDequeueble.swift */; };
		E2DD53BA20225896002E7CCF /* ReusableView.swift in Sources */ = {isa = PBXBuildFile; fileRef = E2DD53A120225896002E7CCF /* ReusableView.swift */; };
		E2DD53BB20225896002E7CCF /* SegueIdentifierType.swift in Sources */ = {isa = PBXBuildFile; fileRef = E2DD53A220225896002E7CCF /* SegueIdentifierType.swift */; };
		E2DD53BC20225896002E7CCF /* Logger.swift in Sources */ = {isa = PBXBuildFile; fileRef = E2DD53A420225896002E7CCF /* Logger.swift */; };
		E2DD53BD20225896002E7CCF /* LogEventType.swift in Sources */ = {isa = PBXBuildFile; fileRef = E2DD53A520225896002E7CCF /* LogEventType.swift */; };
		E2DD53C4202258A7002E7CCF /* AlertViewPresenter.swift in Sources */ = {isa = PBXBuildFile; fileRef = E2DD53BF202258A7002E7CCF /* AlertViewPresenter.swift */; };
		E2DD53C5202258A7002E7CCF /* AlertViewPresenterDelegate.swift in Sources */ = {isa = PBXBuildFile; fileRef = E2DD53C0202258A7002E7CCF /* AlertViewPresenterDelegate.swift */; };
		E2DD53C7202258A7002E7CCF /* AvailabilityMessageView.swift in Sources */ = {isa = PBXBuildFile; fileRef = E2DD53C2202258A7002E7CCF /* AvailabilityMessageView.swift */; };
		E2DD53C8202258A7002E7CCF /* Style.swift in Sources */ = {isa = PBXBuildFile; fileRef = E2DD53C3202258A7002E7CCF /* Style.swift */; };
		E2DD53DC20225CD7002E7CCF /* UICollectionView+Registrable.swift in Sources */ = {isa = PBXBuildFile; fileRef = E2DD53CD20225CD7002E7CCF /* UICollectionView+Registrable.swift */; };
		E2DD53DF20225CD7002E7CCF /* UIColor+CustomRGB.swift in Sources */ = {isa = PBXBuildFile; fileRef = E2DD53D020225CD7002E7CCF /* UIColor+CustomRGB.swift */; };
		E2DD53E220225CD7002E7CCF /* Date+Utility.swift in Sources */ = {isa = PBXBuildFile; fileRef = E2DD53D320225CD7002E7CCF /* Date+Utility.swift */; };
		E2DD53E320225CD7002E7CCF /* UIView+ReusableView.swift in Sources */ = {isa = PBXBuildFile; fileRef = E2DD53D420225CD7002E7CCF /* UIView+ReusableView.swift */; };
		E2DD53E420225CD7002E7CCF /* UIView+NibLoadableView.swift in Sources */ = {isa = PBXBuildFile; fileRef = E2DD53D520225CD7002E7CCF /* UIView+NibLoadableView.swift */; };
		E2DD53E520225CD7002E7CCF /* UICollectionView+CellDequeueble.swift in Sources */ = {isa = PBXBuildFile; fileRef = E2DD53D620225CD7002E7CCF /* UICollectionView+CellDequeueble.swift */; };
		E2DD53EA20226CCF002E7CCF /* Restaurant.swift in Sources */ = {isa = PBXBuildFile; fileRef = E2DD53E920226CCF002E7CCF /* Restaurant.swift */; };
		E2DD53EC20226CEF002E7CCF /* Contact.swift in Sources */ = {isa = PBXBuildFile; fileRef = E2DD53EB20226CEF002E7CCF /* Contact.swift */; };
		E2DD53EE20226D7C002E7CCF /* CategoryType.swift in Sources */ = {isa = PBXBuildFile; fileRef = E2DD53ED20226D7C002E7CCF /* CategoryType.swift */; };
		E2DD53F0202270A4002E7CCF /* Location.swift in Sources */ = {isa = PBXBuildFile; fileRef = E2DD53EF202270A4002E7CCF /* Location.swift */; };
		E2DD53F520227466002E7CCF /* LunchDataSourceDelegate.swift in Sources */ = {isa = PBXBuildFile; fileRef = E2DD53F420227466002E7CCF /* LunchDataSourceDelegate.swift */; };
		E2DD53F7202275A1002E7CCF /* LunchDataSource.swift in Sources */ = {isa = PBXBuildFile; fileRef = E2DD53F6202275A1002E7CCF /* LunchDataSource.swift */; };
		E2DD53F9202276D9002E7CCF /* UserInterfaceCheckable.swift in Sources */ = {isa = PBXBuildFile; fileRef = E2DD53F8202276D9002E7CCF /* UserInterfaceCheckable.swift */; };
		E2DD53FC20228CFA002E7CCF /* RestaurantDetailsViewController.swift in Sources */ = {isa = PBXBuildFile; fileRef = E2DD53FB20228CFA002E7CCF /* RestaurantDetailsViewController.swift */; };
/* End PBXBuildFile section */

/* Begin PBXFileReference section */
		E21FC88F2027EAE8002E1177 /* RestaurantSearchBar.swift */ = {isa = PBXFileReference; lastKnownFileType = sourcecode.swift; path = RestaurantSearchBar.swift; sourceTree = "<group>"; };
		E21FC8942027FA3D002E1177 /* RestaurantMapTableViewCell.swift */ = {isa = PBXFileReference; lastKnownFileType = sourcecode.swift; path = RestaurantMapTableViewCell.swift; sourceTree = "<group>"; };
		E21FC8952027FA3D002E1177 /* RestaurantMapTableViewCell.xib */ = {isa = PBXFileReference; lastKnownFileType = file.xib; path = RestaurantMapTableViewCell.xib; sourceTree = "<group>"; };
		E21FC8982027FE22002E1177 /* UITableView+Registrable.swift */ = {isa = PBXFileReference; lastKnownFileType = sourcecode.swift; path = "UITableView+Registrable.swift"; sourceTree = "<group>"; };
		E21FC89A2027FE4E002E1177 /* UITableView+CellDequeueble.swift */ = {isa = PBXFileReference; lastKnownFileType = sourcecode.swift; path = "UITableView+CellDequeueble.swift"; sourceTree = "<group>"; };
		E21FC89C2028073A002E1177 /* RestaurantMapDataSource.swift */ = {isa = PBXFileReference; lastKnownFileType = sourcecode.swift; path = RestaurantMapDataSource.swift; sourceTree = "<group>"; };
		E21FC89E202808AE002E1177 /* RestaurantMapDataSourceDelegate.swift */ = {isa = PBXFileReference; lastKnownFileType = sourcecode.swift; path = RestaurantMapDataSourceDelegate.swift; sourceTree = "<group>"; };
		E21FC8A0202831AF002E1177 /* NotificationKey.swift */ = {isa = PBXFileReference; fileEncoding = 4; lastKnownFileType = sourcecode.swift; path = NotificationKey.swift; sourceTree = "<group>"; };
		E21FC8A1202831B0002E1177 /* NotificationUserInfoKey.swift */ = {isa = PBXFileReference; fileEncoding = 4; lastKnownFileType = sourcecode.swift; path = NotificationUserInfoKey.swift; sourceTree = "<group>"; };
		E21FC8A62028D41F002E1177 /* RestaurantAnnotation.swift */ = {isa = PBXFileReference; lastKnownFileType = sourcecode.swift; path = RestaurantAnnotation.swift; sourceTree = "<group>"; };
		E21FC8A82028D51B002E1177 /* RestaurantAnnotationView.swift */ = {isa = PBXFileReference; lastKnownFileType = sourcecode.swift; path = RestaurantAnnotationView.swift; sourceTree = "<group>"; };
		E21FC8AA2028D67F002E1177 /* RestaurantDetailMapView.swift */ = {isa = PBXFileReference; lastKnownFileType = sourcecode.swift; path = RestaurantDetailMapView.swift; sourceTree = "<group>"; };
		E21FC8AC2028D699002E1177 /* RestaurantDetailMapViewDelegate.swift */ = {isa = PBXFileReference; lastKnownFileType = sourcecode.swift; path = RestaurantDetailMapViewDelegate.swift; sourceTree = "<group>"; };
		E21FC8AE2028D87E002E1177 /* RestaurantDetailMapView.xib */ = {isa = PBXFileReference; lastKnownFileType = file.xib; path = RestaurantDetailMapView.xib; sourceTree = "<group>"; };
		E247FAAA2023687C007B4349 /* WebService.swift */ = {isa = PBXFileReference; lastKnownFileType = sourcecode.swift; path = WebService.swift; sourceTree = "<group>"; };
		E247FAAC20239AEE007B4349 /* RestaurantResponse.swift */ = {isa = PBXFileReference; lastKnownFileType = sourcecode.swift; path = RestaurantResponse.swift; sourceTree = "<group>"; };
		E247FAAE20239FB4007B4349 /* ActivityIndicator.swift */ = {isa = PBXFileReference; lastKnownFileType = sourcecode.swift; path = ActivityIndicator.swift; sourceTree = "<group>"; };
		E247FAB22023C919007B4349 /* ImageCacheView.swift */ = {isa = PBXFileReference; lastKnownFileType = sourcecode.swift; path = ImageCacheView.swift; sourceTree = "<group>"; };
		E247FAB52023C92C007B4349 /* ImageCacheView.xib */ = {isa = PBXFileReference; lastKnownFileType = file.xib; path = ImageCacheView.xib; sourceTree = "<group>"; };
		E247FAB72023D39B007B4349 /* ImageCache.swift */ = {isa = PBXFileReference; lastKnownFileType = sourcecode.swift; path = ImageCache.swift; sourceTree = "<group>"; };
		E247FAB920250C3E007B4349 /* RestaurantMapViewController.swift */ = {isa = PBXFileReference; lastKnownFileType = sourcecode.swift; path = RestaurantMapViewController.swift; sourceTree = "<group>"; };
		E247FABB202511C3007B4349 /* UIView+ConstrainEdges.swift */ = {isa = PBXFileReference; lastKnownFileType = sourcecode.swift; path = "UIView+ConstrainEdges.swift"; sourceTree = "<group>"; };
		E2A062E9202623C800C5FB53 /* NativeMapsHandler.swift */ = {isa = PBXFileReference; lastKnownFileType = sourcecode.swift; path = NativeMapsHandler.swift; sourceTree = "<group>"; };
		E2A062EB2026247100C5FB53 /* Coordinate.swift */ = {isa = PBXFileReference; lastKnownFileType = sourcecode.swift; path = Coordinate.swift; sourceTree = "<group>"; };
		E2A062F0202627C400C5FB53 /* Address.swift */ = {isa = PBXFileReference; lastKnownFileType = sourcecode.swift; path = Address.swift; sourceTree = "<group>"; };
		E2A062F220264F0600C5FB53 /* WebNavigationView.swift */ = {isa = PBXFileReference; lastKnownFileType = sourcecode.swift; path = WebNavigationView.swift; sourceTree = "<group>"; };
		E2A062F42026522200C5FB53 /* WebNavigationViewDelegate.swift */ = {isa = PBXFileReference; lastKnownFileType = sourcecode.swift; path = WebNavigationViewDelegate.swift; sourceTree = "<group>"; };
		E2DD534420224F8C002E7CCF /* BottleRocketRestaurant.app */ = {isa = PBXFileReference; explicitFileType = wrapper.application; includeInIndex = 0; path = BottleRocketRestaurant.app; sourceTree = BUILT_PRODUCTS_DIR; };
		E2DD534720224F8C002E7CCF /* AppDelegate.swift */ = {isa = PBXFileReference; lastKnownFileType = sourcecode.swift; path = AppDelegate.swift; sourceTree = "<group>"; };
		E2DD534C20224F8C002E7CCF /* Base */ = {isa = PBXFileReference; lastKnownFileType = file.storyboard; name = Base; path = Base.lproj/Main.storyboard; sourceTree = "<group>"; };
		E2DD534E20224F8C002E7CCF /* Assets.xcassets */ = {isa = PBXFileReference; lastKnownFileType = folder.assetcatalog; path = Assets.xcassets; sourceTree = "<group>"; };
		E2DD535120224F8C002E7CCF /* Base */ = {isa = PBXFileReference; lastKnownFileType = file.storyboard; name = Base; path = Base.lproj/LaunchScreen.storyboard; sourceTree = "<group>"; };
		E2DD535320224F8C002E7CCF /* Info.plist */ = {isa = PBXFileReference; lastKnownFileType = text.plist.xml; path = Info.plist; sourceTree = "<group>"; };
		E2DD53802022542D002E7CCF /* LunchViewController.swift */ = {isa = PBXFileReference; lastKnownFileType = sourcecode.swift; path = LunchViewController.swift; sourceTree = "<group>"; };
		E2DD538220225461002E7CCF /* InternetViewController.swift */ = {isa = PBXFileReference; lastKnownFileType = sourcecode.swift; path = InternetViewController.swift; sourceTree = "<group>"; };
		E2DD538520225861002E7CCF /* RestaurantCollectionViewCell.swift */ = {isa = PBXFileReference; lastKnownFileType = sourcecode.swift; path = RestaurantCollectionViewCell.swift; sourceTree = "<group>"; };
		E2DD538620225861002E7CCF /* RestaurantCollectionViewCell.xib */ = {isa = PBXFileReference; lastKnownFileType = file.xib; path = RestaurantCollectionViewCell.xib; sourceTree = "<group>"; };
		E2DD538B20225896002E7CCF /* WebServiceResultType.swift */ = {isa = PBXFileReference; fileEncoding = 4; lastKnownFileType = sourcecode.swift; path = WebServiceResultType.swift; sourceTree = "<group>"; };
		E2DD539120225896002E7CCF /* ErrorHandleable.swift */ = {isa = PBXFileReference; fileEncoding = 4; lastKnownFileType = sourcecode.swift; path = ErrorHandleable.swift; sourceTree = "<group>"; };
		E2DD539620225896002E7CCF /* WebServiceError.swift */ = {isa = PBXFileReference; fileEncoding = 4; lastKnownFileType = sourcecode.swift; path = WebServiceError.swift; sourceTree = "<group>"; };
		E2DD539A20225896002E7CCF /* NibLoadable.swift */ = {isa = PBXFileReference; fileEncoding = 4; lastKnownFileType = sourcecode.swift; path = NibLoadable.swift; sourceTree = "<group>"; };
		E2DD539B20225896002E7CCF /* ViewSetupable.swift */ = {isa = PBXFileReference; fileEncoding = 4; lastKnownFileType = sourcecode.swift; path = ViewSetupable.swift; sourceTree = "<group>"; };
		E2DD539D20225896002E7CCF /* Registrable.swift */ = {isa = PBXFileReference; fileEncoding = 4; lastKnownFileType = sourcecode.swift; path = Registrable.swift; sourceTree = "<group>"; };
		E2DD539E20225896002E7CCF /* CellDequeueble.swift */ = {isa = PBXFileReference; fileEncoding = 4; lastKnownFileType = sourcecode.swift; path = CellDequeueble.swift; sourceTree = "<group>"; };
		E2DD53A120225896002E7CCF /* ReusableView.swift */ = {isa = PBXFileReference; fileEncoding = 4; lastKnownFileType = sourcecode.swift; path = ReusableView.swift; sourceTree = "<group>"; };
		E2DD53A220225896002E7CCF /* SegueIdentifierType.swift */ = {isa = PBXFileReference; fileEncoding = 4; lastKnownFileType = sourcecode.swift; path = SegueIdentifierType.swift; sourceTree = "<group>"; };
		E2DD53A420225896002E7CCF /* Logger.swift */ = {isa = PBXFileReference; fileEncoding = 4; lastKnownFileType = sourcecode.swift; path = Logger.swift; sourceTree = "<group>"; };
		E2DD53A520225896002E7CCF /* LogEventType.swift */ = {isa = PBXFileReference; fileEncoding = 4; lastKnownFileType = sourcecode.swift; path = LogEventType.swift; sourceTree = "<group>"; };
		E2DD53BF202258A7002E7CCF /* AlertViewPresenter.swift */ = {isa = PBXFileReference; fileEncoding = 4; lastKnownFileType = sourcecode.swift; path = AlertViewPresenter.swift; sourceTree = "<group>"; };
		E2DD53C0202258A7002E7CCF /* AlertViewPresenterDelegate.swift */ = {isa = PBXFileReference; fileEncoding = 4; lastKnownFileType = sourcecode.swift; path = AlertViewPresenterDelegate.swift; sourceTree = "<group>"; };
		E2DD53C2202258A7002E7CCF /* AvailabilityMessageView.swift */ = {isa = PBXFileReference; fileEncoding = 4; lastKnownFileType = sourcecode.swift; path = AvailabilityMessageView.swift; sourceTree = "<group>"; };
		E2DD53C3202258A7002E7CCF /* Style.swift */ = {isa = PBXFileReference; fileEncoding = 4; lastKnownFileType = sourcecode.swift; path = Style.swift; sourceTree = "<group>"; };
		E2DD53CD20225CD7002E7CCF /* UICollectionView+Registrable.swift */ = {isa = PBXFileReference; fileEncoding = 4; lastKnownFileType = sourcecode.swift; path = "UICollectionView+Registrable.swift"; sourceTree = "<group>"; };
		E2DD53D020225CD7002E7CCF /* UIColor+CustomRGB.swift */ = {isa = PBXFileReference; fileEncoding = 4; lastKnownFileType = sourcecode.swift; path = "UIColor+CustomRGB.swift"; sourceTree = "<group>"; };
		E2DD53D320225CD7002E7CCF /* Date+Utility.swift */ = {isa = PBXFileReference; fileEncoding = 4; lastKnownFileType = sourcecode.swift; path = "Date+Utility.swift"; sourceTree = "<group>"; };
		E2DD53D420225CD7002E7CCF /* UIView+ReusableView.swift */ = {isa = PBXFileReference; fileEncoding = 4; lastKnownFileType = sourcecode.swift; path = "UIView+ReusableView.swift"; sourceTree = "<group>"; };
		E2DD53D520225CD7002E7CCF /* UIView+NibLoadableView.swift */ = {isa = PBXFileReference; fileEncoding = 4; lastKnownFileType = sourcecode.swift; path = "UIView+NibLoadableView.swift"; sourceTree = "<group>"; };
		E2DD53D620225CD7002E7CCF /* UICollectionView+CellDequeueble.swift */ = {isa = PBXFileReference; fileEncoding = 4; lastKnownFileType = sourcecode.swift; path = "UICollectionView+CellDequeueble.swift"; sourceTree = "<group>"; };
		E2DD53E920226CCF002E7CCF /* Restaurant.swift */ = {isa = PBXFileReference; lastKnownFileType = sourcecode.swift; path = Restaurant.swift; sourceTree = "<group>"; };
		E2DD53EB20226CEF002E7CCF /* Contact.swift */ = {isa = PBXFileReference; lastKnownFileType = sourcecode.swift; path = Contact.swift; sourceTree = "<group>"; };
		E2DD53ED20226D7C002E7CCF /* CategoryType.swift */ = {isa = PBXFileReference; lastKnownFileType = sourcecode.swift; path = CategoryType.swift; sourceTree = "<group>"; };
		E2DD53EF202270A4002E7CCF /* Location.swift */ = {isa = PBXFileReference; lastKnownFileType = sourcecode.swift; path = Location.swift; sourceTree = "<group>"; };
		E2DD53F420227466002E7CCF /* LunchDataSourceDelegate.swift */ = {isa = PBXFileReference; lastKnownFileType = sourcecode.swift; path = LunchDataSourceDelegate.swift; sourceTree = "<group>"; };
		E2DD53F6202275A1002E7CCF /* LunchDataSource.swift */ = {isa = PBXFileReference; lastKnownFileType = sourcecode.swift; path = LunchDataSource.swift; sourceTree = "<group>"; };
		E2DD53F8202276D9002E7CCF /* UserInterfaceCheckable.swift */ = {isa = PBXFileReference; lastKnownFileType = sourcecode.swift; path = UserInterfaceCheckable.swift; sourceTree = "<group>"; };
		E2DD53FB20228CFA002E7CCF /* RestaurantDetailsViewController.swift */ = {isa = PBXFileReference; lastKnownFileType = sourcecode.swift; path = RestaurantDetailsViewController.swift; sourceTree = "<group>"; };
/* End PBXFileReference section */

/* Begin PBXFrameworksBuildPhase section */
		E2DD534120224F8C002E7CCF /* Frameworks */ = {
			isa = PBXFrameworksBuildPhase;
			buildActionMask = 2147483647;
			files = (
			);
			runOnlyForDeploymentPostprocessing = 0;
		};
/* End PBXFrameworksBuildPhase section */

/* Begin PBXGroup section */
		E21FC8932027EBCE002E1177 /* RestaurantSearchBar */ = {
			isa = PBXGroup;
			children = (
				E21FC88F2027EAE8002E1177 /* RestaurantSearchBar.swift */,
			);
			path = RestaurantSearchBar;
			sourceTree = "<group>";
		};
		E21FC8A4202831BC002E1177 /* NotificationCenter */ = {
			isa = PBXGroup;
			children = (
				E21FC8A0202831AF002E1177 /* NotificationKey.swift */,
				E21FC8A1202831B0002E1177 /* NotificationUserInfoKey.swift */,
			);
			path = NotificationCenter;
			sourceTree = "<group>";
		};
		E21FC8A52028D3D2002E1177 /* RestaurantAnnotationView */ = {
			isa = PBXGroup;
			children = (
				E21FC8A62028D41F002E1177 /* RestaurantAnnotation.swift */,
				E21FC8A82028D51B002E1177 /* RestaurantAnnotationView.swift */,
				E21FC8AE2028D87E002E1177 /* RestaurantDetailMapView.xib */,
				E21FC8AA2028D67F002E1177 /* RestaurantDetailMapView.swift */,
				E21FC8AC2028D699002E1177 /* RestaurantDetailMapViewDelegate.swift */,
			);
			path = RestaurantAnnotationView;
			sourceTree = "<group>";
		};
		E247FAB42023C91E007B4349 /* ImageCacheView */ = {
			isa = PBXGroup;
			children = (
				E247FAB72023D39B007B4349 /* ImageCache.swift */,
				E247FAB22023C919007B4349 /* ImageCacheView.swift */,
				E247FAB52023C92C007B4349 /* ImageCacheView.xib */,
			);
			path = ImageCacheView;
			sourceTree = "<group>";
		};
		E247FABD202513FF007B4349 /* Frameworks */ = {
			isa = PBXGroup;
			children = (
			);
			name = Frameworks;
			sourceTree = "<group>";
		};
		E2A062EF2026271D00C5FB53 /* Maps */ = {
			isa = PBXGroup;
			children = (
				E2A062E9202623C800C5FB53 /* NativeMapsHandler.swift */,
			);
			path = Maps;
			sourceTree = "<group>";
		};
		E2A062F62026523F00C5FB53 /* WebNavigationView */ = {
			isa = PBXGroup;
			children = (
				E2A062F42026522200C5FB53 /* WebNavigationViewDelegate.swift */,
				E2A062F220264F0600C5FB53 /* WebNavigationView.swift */,
			);
			path = WebNavigationView;
			sourceTree = "<group>";
		};
		E2DD533B20224F8C002E7CCF = {
			isa = PBXGroup;
			children = (
				E2DD534620224F8C002E7CCF /* BottleRocketRestaurant */,
				E2DD534520224F8C002E7CCF /* Products */,
				E247FABD202513FF007B4349 /* Frameworks */,
			);
			sourceTree = "<group>";
		};
		E2DD534520224F8C002E7CCF /* Products */ = {
			isa = PBXGroup;
			children = (
				E2DD534420224F8C002E7CCF /* BottleRocketRestaurant.app */,
			);
			name = Products;
			sourceTree = "<group>";
		};
		E2DD534620224F8C002E7CCF /* BottleRocketRestaurant */ = {
			isa = PBXGroup;
			children = (
				E2DD534720224F8C002E7CCF /* AppDelegate.swift */,
				E21FC8A4202831BC002E1177 /* NotificationCenter */,
				E2DD53C920225CD7002E7CCF /* Extension */,
				E2DD539720225896002E7CCF /* Protocol */,
				E2DD53FA20227A92002E7CCF /* NetworkLayer */,
				E2DD53F320227452002E7CCF /* DataSource */,
				E2DD535A20224FA9002E7CCF /* Model */,
				E2DD535B20224FAE002E7CCF /* View */,
				E2DD535920224F99002E7CCF /* Controller */,
				E2DD535C20224FB8002E7CCF /* Storyboards */,
				E2DD535D20224FE4002E7CCF /* SupportingFiles */,
			);
			path = BottleRocketRestaurant;
			sourceTree = "<group>";
		};
		E2DD535920224F99002E7CCF /* Controller */ = {
			isa = PBXGroup;
			children = (
				E2DD538220225461002E7CCF /* InternetViewController.swift */,
				E2DD53FB20228CFA002E7CCF /* RestaurantDetailsViewController.swift */,
				E247FAB920250C3E007B4349 /* RestaurantMapViewController.swift */,
				E2DD53802022542D002E7CCF /* LunchViewController.swift */,
			);
			path = Controller;
			sourceTree = "<group>";
		};
		E2DD535A20224FA9002E7CCF /* Model */ = {
			isa = PBXGroup;
			children = (
				E2A062EF2026271D00C5FB53 /* Maps */,
				E2DD53E820226B12002E7CCF /* Restaurant */,
				E2DD53A320225896002E7CCF /* Logger */,
				E2DD53A220225896002E7CCF /* SegueIdentifierType.swift */,
			);
			path = Model;
			sourceTree = "<group>";
		};
		E2DD535B20224FAE002E7CCF /* View */ = {
			isa = PBXGroup;
			children = (
				E21FC8A52028D3D2002E1177 /* RestaurantAnnotationView */,
				E2DD53C3202258A7002E7CCF /* Style.swift */,
				E247FAAE20239FB4007B4349 /* ActivityIndicator.swift */,
				E2DD53C2202258A7002E7CCF /* AvailabilityMessageView.swift */,
				E2DD53842022583E002E7CCF /* Cells */,
				E2DD53BE202258A7002E7CCF /* AlertView */,
				E21FC8932027EBCE002E1177 /* RestaurantSearchBar */,
				E247FAB42023C91E007B4349 /* ImageCacheView */,
				E2A062F62026523F00C5FB53 /* WebNavigationView */,
			);
			path = View;
			sourceTree = "<group>";
		};
		E2DD535C20224FB8002E7CCF /* Storyboards */ = {
			isa = PBXGroup;
			children = (
				E2DD534B20224F8C002E7CCF /* Main.storyboard */,
				E2DD535020224F8C002E7CCF /* LaunchScreen.storyboard */,
			);
			path = Storyboards;
			sourceTree = "<group>";
		};
		E2DD535D20224FE4002E7CCF /* SupportingFiles */ = {
			isa = PBXGroup;
			children = (
				E2DD534E20224F8C002E7CCF /* Assets.xcassets */,
				E2DD535320224F8C002E7CCF /* Info.plist */,
			);
			path = SupportingFiles;
			sourceTree = "<group>";
		};
		E2DD53842022583E002E7CCF /* Cells */ = {
			isa = PBXGroup;
			children = (
				E2DD538520225861002E7CCF /* RestaurantCollectionViewCell.swift */,
				E2DD538620225861002E7CCF /* RestaurantCollectionViewCell.xib */,
				E21FC8942027FA3D002E1177 /* RestaurantMapTableViewCell.swift */,
				E21FC8952027FA3D002E1177 /* RestaurantMapTableViewCell.xib */,
			);
			path = Cells;
			sourceTree = "<group>";
		};
		E2DD539020225896002E7CCF /* Errors */ = {
			isa = PBXGroup;
			children = (
				E2DD539120225896002E7CCF /* ErrorHandleable.swift */,
				E2DD539620225896002E7CCF /* WebServiceError.swift */,
			);
			path = Errors;
			sourceTree = "<group>";
		};
		E2DD539720225896002E7CCF /* Protocol */ = {
			isa = PBXGroup;
			children = (
				E2DD539E20225896002E7CCF /* CellDequeueble.swift */,
				E2DD539A20225896002E7CCF /* NibLoadable.swift */,
				E2DD539D20225896002E7CCF /* Registrable.swift */,
				E2DD53A120225896002E7CCF /* ReusableView.swift */,
				E2DD53F8202276D9002E7CCF /* UserInterfaceCheckable.swift */,
				E2DD539B20225896002E7CCF /* ViewSetupable.swift */,
			);
			path = Protocol;
			sourceTree = "<group>";
		};
		E2DD53A320225896002E7CCF /* Logger */ = {
			isa = PBXGroup;
			children = (
				E2DD53A420225896002E7CCF /* Logger.swift */,
				E2DD53A520225896002E7CCF /* LogEventType.swift */,
			);
			path = Logger;
			sourceTree = "<group>";
		};
		E2DD53BE202258A7002E7CCF /* AlertView */ = {
			isa = PBXGroup;
			children = (
				E2DD53BF202258A7002E7CCF /* AlertViewPresenter.swift */,
				E2DD53C0202258A7002E7CCF /* AlertViewPresenterDelegate.swift */,
			);
			path = AlertView;
			sourceTree = "<group>";
		};
		E2DD53C920225CD7002E7CCF /* Extension */ = {
			isa = PBXGroup;
			children = (
				E2DD53D320225CD7002E7CCF /* Date+Utility.swift */,
				E2DD53D620225CD7002E7CCF /* UICollectionView+CellDequeueble.swift */,
				E2DD53CD20225CD7002E7CCF /* UICollectionView+Registrable.swift */,
				E2DD53D020225CD7002E7CCF /* UIColor+CustomRGB.swift */,
				E21FC89A2027FE4E002E1177 /* UITableView+CellDequeueble.swift */,
				E21FC8982027FE22002E1177 /* UITableView+Registrable.swift */,
				E247FABB202511C3007B4349 /* UIView+ConstrainEdges.swift */,
				E2DD53D520225CD7002E7CCF /* UIView+NibLoadableView.swift */,
				E2DD53D420225CD7002E7CCF /* UIView+ReusableView.swift */,
			);
			path = Extension;
			sourceTree = "<group>";
		};
		E2DD53E820226B12002E7CCF /* Restaurant */ = {
			isa = PBXGroup;
			children = (
				E2A062F0202627C400C5FB53 /* Address.swift */,
				E2DD53ED20226D7C002E7CCF /* CategoryType.swift */,
				E2DD53EB20226CEF002E7CCF /* Contact.swift */,
				E2A062EB2026247100C5FB53 /* Coordinate.swift */,
				E2DD53EF202270A4002E7CCF /* Location.swift */,
				E2DD53E920226CCF002E7CCF /* Restaurant.swift */,
				E247FAAC20239AEE007B4349 /* RestaurantResponse.swift */,
			);
			path = Restaurant;
			sourceTree = "<group>";
		};
		E2DD53F320227452002E7CCF /* DataSource */ = {
			isa = PBXGroup;
			children = (
				E2DD53F6202275A1002E7CCF /* LunchDataSource.swift */,
				E2DD53F420227466002E7CCF /* LunchDataSourceDelegate.swift */,
				E21FC89C2028073A002E1177 /* RestaurantMapDataSource.swift */,
				E21FC89E202808AE002E1177 /* RestaurantMapDataSourceDelegate.swift */,
			);
			path = DataSource;
			sourceTree = "<group>";
		};
		E2DD53FA20227A92002E7CCF /* NetworkLayer */ = {
			isa = PBXGroup;
			children = (
				E2DD539020225896002E7CCF /* Errors */,
				E2DD538B20225896002E7CCF /* WebServiceResultType.swift */,
				E247FAAA2023687C007B4349 /* WebService.swift */,
			);
			path = NetworkLayer;
			sourceTree = "<group>";
		};
/* End PBXGroup section */

/* Begin PBXNativeTarget section */
		E2DD534320224F8C002E7CCF /* BottleRocketRestaurant */ = {
			isa = PBXNativeTarget;
			buildConfigurationList = E2DD535620224F8C002E7CCF /* Build configuration list for PBXNativeTarget "BottleRocketRestaurant" */;
			buildPhases = (
				E2DD534020224F8C002E7CCF /* Sources */,
				E2DD534120224F8C002E7CCF /* Frameworks */,
				E2DD534220224F8C002E7CCF /* Resources */,
			);
			buildRules = (
			);
			dependencies = (
			);
			name = BottleRocketRestaurant;
			productName = BottleRocketRestaurant;
			productReference = E2DD534420224F8C002E7CCF /* BottleRocketRestaurant.app */;
			productType = "com.apple.product-type.application";
		};
/* End PBXNativeTarget section */

/* Begin PBXProject section */
		E2DD533C20224F8C002E7CCF /* Project object */ = {
			isa = PBXProject;
			attributes = {
				LastSwiftUpdateCheck = 0920;
				LastUpgradeCheck = 0930;
				ORGANIZATIONNAME = "Pawel Milek";
				TargetAttributes = {
					E2DD534320224F8C002E7CCF = {
						CreatedOnToolsVersion = 9.2;
						ProvisioningStyle = Automatic;
						SystemCapabilities = {
							com.apple.BackgroundModes = {
								enabled = 0;
							};
							com.apple.Maps.iOS = {
								enabled = 0;
							};
						};
					};
				};
			};
			buildConfigurationList = E2DD533F20224F8C002E7CCF /* Build configuration list for PBXProject "BottleRocketRestaurant" */;
			compatibilityVersion = "Xcode 8.0";
			developmentRegion = en;
			hasScannedForEncodings = 0;
			knownRegions = (
				en,
				Base,
			);
			mainGroup = E2DD533B20224F8C002E7CCF;
			productRefGroup = E2DD534520224F8C002E7CCF /* Products */;
			projectDirPath = "";
			projectRoot = "";
			targets = (
				E2DD534320224F8C002E7CCF /* BottleRocketRestaurant */,
			);
		};
/* End PBXProject section */

/* Begin PBXResourcesBuildPhase section */
		E2DD534220224F8C002E7CCF /* Resources */ = {
			isa = PBXResourcesBuildPhase;
			buildActionMask = 2147483647;
			files = (
				E21FC8AF2028D87E002E1177 /* RestaurantDetailMapView.xib in Resources */,
				E2DD535220224F8C002E7CCF /* LaunchScreen.storyboard in Resources */,
				E2DD538820225861002E7CCF /* RestaurantCollectionViewCell.xib in Resources */,
				E2DD534F20224F8C002E7CCF /* Assets.xcassets in Resources */,
				E2DD534D20224F8C002E7CCF /* Main.storyboard in Resources */,
				E247FAB62023C92C007B4349 /* ImageCacheView.xib in Resources */,
				E21FC8972027FA3D002E1177 /* RestaurantMapTableViewCell.xib in Resources */,
			);
			runOnlyForDeploymentPostprocessing = 0;
		};
/* End PBXResourcesBuildPhase section */

/* Begin PBXSourcesBuildPhase section */
		E2DD534020224F8C002E7CCF /* Sources */ = {
			isa = PBXSourcesBuildPhase;
			buildActionMask = 2147483647;
			files = (
				E2DD538320225461002E7CCF /* InternetViewController.swift in Sources */,
				E2A062EA202623C800C5FB53 /* NativeMapsHandler.swift in Sources */,
				E2A062F320264F0600C5FB53 /* WebNavigationView.swift in Sources */,
				E247FAB32023C919007B4349 /* ImageCacheView.swift in Sources */,
				E2DD538720225861002E7CCF /* RestaurantCollectionViewCell.swift in Sources */,
				E2DD53EA20226CCF002E7CCF /* Restaurant.swift in Sources */,
				E247FAAF20239FB4007B4349 /* ActivityIndicator.swift in Sources */,
				E2DD53812022542D002E7CCF /* LunchViewController.swift in Sources */,
				E2DD53BC20225896002E7CCF /* Logger.swift in Sources */,
				E2A062F1202627C400C5FB53 /* Address.swift in Sources */,
				E2DD53FC20228CFA002E7CCF /* RestaurantDetailsViewController.swift in Sources */,
				E2DD53EE20226D7C002E7CCF /* CategoryType.swift in Sources */,
				E21FC8AB2028D67F002E1177 /* RestaurantDetailMapView.swift in Sources */,
				E247FAAD20239AEE007B4349 /* RestaurantResponse.swift in Sources */,
				E2DD53E220225CD7002E7CCF /* Date+Utility.swift in Sources */,
				E2DD53F0202270A4002E7CCF /* Location.swift in Sources */,
				E2DD53DF20225CD7002E7CCF /* UIColor+CustomRGB.swift in Sources */,
				E2DD53B620225896002E7CCF /* Registrable.swift in Sources */,
				E21FC8AD2028D699002E1177 /* RestaurantDetailMapViewDelegate.swift in Sources */,
				E2DD53B420225896002E7CCF /* ViewSetupable.swift in Sources */,
				E2DD53C8202258A7002E7CCF /* Style.swift in Sources */,
				E2DD53E320225CD7002E7CCF /* UIView+ReusableView.swift in Sources */,
				E2DD53F520227466002E7CCF /* LunchDataSourceDelegate.swift in Sources */,
				E2DD53A720225896002E7CCF /* WebServiceResultType.swift in Sources */,
				E21FC8A72028D41F002E1177 /* RestaurantAnnotation.swift in Sources */,
				E2DD53C5202258A7002E7CCF /* AlertViewPresenterDelegate.swift in Sources */,
				E2DD53BA20225896002E7CCF /* ReusableView.swift in Sources */,
				E247FABA20250C3E007B4349 /* RestaurantMapViewController.swift in Sources */,
				E2DD534820224F8C002E7CCF /* AppDelegate.swift in Sources */,
				E2DD53AB20225896002E7CCF /* ErrorHandleable.swift in Sources */,
				E2DD53B720225896002E7CCF /* CellDequeueble.swift in Sources */,
				E2DD53F9202276D9002E7CCF /* UserInterfaceCheckable.swift in Sources */,
				E2DD53EC20226CEF002E7CCF /* Contact.swift in Sources */,
				E2DD53BB20225896002E7CCF /* SegueIdentifierType.swift in Sources */,
				E2DD53C7202258A7002E7CCF /* AvailabilityMessageView.swift in Sources */,
				E2DD53B020225896002E7CCF /* WebServiceError.swift in Sources */,
				E2DD53BD20225896002E7CCF /* LogEventType.swift in Sources */,
				E2A062F52026522200C5FB53 /* WebNavigationViewDelegate.swift in Sources */,
				E21FC8A3202831B0002E1177 /* NotificationUserInfoKey.swift in Sources */,
				E21FC8A2202831B0002E1177 /* NotificationKey.swift in Sources */,
				E247FABC202511C3007B4349 /* UIView+ConstrainEdges.swift in Sources */,
				E21FC89F202808AE002E1177 /* RestaurantMapDataSourceDelegate.swift in Sources */,
				E247FAB82023D39B007B4349 /* ImageCache.swift in Sources */,
				E247FAAB2023687C007B4349 /* WebService.swift in Sources */,
				E21FC8962027FA3D002E1177 /* RestaurantMapTableViewCell.swift in Sources */,
				E2DD53DC20225CD7002E7CCF /* UICollectionView+Registrable.swift in Sources */,
				E21FC89B2027FE4E002E1177 /* UITableView+CellDequeueble.swift in Sources */,
				E2DD53F7202275A1002E7CCF /* LunchDataSource.swift in Sources */,
				E21FC8992027FE22002E1177 /* UITableView+Registrable.swift in Sources */,
				E21FC8A92028D51B002E1177 /* RestaurantAnnotationView.swift in Sources */,
				E2DD53E520225CD7002E7CCF /* UICollectionView+CellDequeueble.swift in Sources */,
				E2DD53B320225896002E7CCF /* NibLoadable.swift in Sources */,
				E2DD53E420225CD7002E7CCF /* UIView+NibLoadableView.swift in Sources */,
				E2A062EC2026247100C5FB53 /* Coordinate.swift in Sources */,
				E2DD53C4202258A7002E7CCF /* AlertViewPresenter.swift in Sources */,
				E21FC89D2028073A002E1177 /* RestaurantMapDataSource.swift in Sources */,
				E21FC8902027EAE8002E1177 /* RestaurantSearchBar.swift in Sources */,
			);
			runOnlyForDeploymentPostprocessing = 0;
		};
/* End PBXSourcesBuildPhase section */

/* Begin PBXVariantGroup section */
		E2DD534B20224F8C002E7CCF /* Main.storyboard */ = {
			isa = PBXVariantGroup;
			children = (
				E2DD534C20224F8C002E7CCF /* Base */,
			);
			name = Main.storyboard;
			sourceTree = "<group>";
		};
		E2DD535020224F8C002E7CCF /* LaunchScreen.storyboard */ = {
			isa = PBXVariantGroup;
			children = (
				E2DD535120224F8C002E7CCF /* Base */,
			);
			name = LaunchScreen.storyboard;
			sourceTree = "<group>";
		};
/* End PBXVariantGroup section */

/* Begin XCBuildConfiguration section */
		E2DD535420224F8C002E7CCF /* Debug */ = {
			isa = XCBuildConfiguration;
			buildSettings = {
				ALWAYS_SEARCH_USER_PATHS = NO;
				CLANG_ANALYZER_NONNULL = YES;
				CLANG_ANALYZER_NUMBER_OBJECT_CONVERSION = YES_AGGRESSIVE;
				CLANG_CXX_LANGUAGE_STANDARD = "gnu++14";
				CLANG_CXX_LIBRARY = "libc++";
				CLANG_ENABLE_MODULES = YES;
				CLANG_ENABLE_OBJC_ARC = YES;
				CLANG_WARN_BLOCK_CAPTURE_AUTORELEASING = YES;
				CLANG_WARN_BOOL_CONVERSION = YES;
				CLANG_WARN_COMMA = YES;
				CLANG_WARN_CONSTANT_CONVERSION = YES;
				CLANG_WARN_DEPRECATED_OBJC_IMPLEMENTATIONS = YES;
				CLANG_WARN_DIRECT_OBJC_ISA_USAGE = YES_ERROR;
				CLANG_WARN_DOCUMENTATION_COMMENTS = YES;
				CLANG_WARN_EMPTY_BODY = YES;
				CLANG_WARN_ENUM_CONVERSION = YES;
				CLANG_WARN_INFINITE_RECURSION = YES;
				CLANG_WARN_INT_CONVERSION = YES;
				CLANG_WARN_NON_LITERAL_NULL_CONVERSION = YES;
				CLANG_WARN_OBJC_IMPLICIT_RETAIN_SELF = YES;
				CLANG_WARN_OBJC_LITERAL_CONVERSION = YES;
				CLANG_WARN_OBJC_ROOT_CLASS = YES_ERROR;
				CLANG_WARN_RANGE_LOOP_ANALYSIS = YES;
				CLANG_WARN_STRICT_PROTOTYPES = YES;
				CLANG_WARN_SUSPICIOUS_MOVE = YES;
				CLANG_WARN_UNGUARDED_AVAILABILITY = YES_AGGRESSIVE;
				CLANG_WARN_UNREACHABLE_CODE = YES;
				CLANG_WARN__DUPLICATE_METHOD_MATCH = YES;
				CODE_SIGN_IDENTITY = "iPhone Developer";
				COPY_PHASE_STRIP = NO;
				DEBUG_INFORMATION_FORMAT = dwarf;
				ENABLE_STRICT_OBJC_MSGSEND = YES;
				ENABLE_TESTABILITY = YES;
				GCC_C_LANGUAGE_STANDARD = gnu11;
				GCC_DYNAMIC_NO_PIC = NO;
				GCC_NO_COMMON_BLOCKS = YES;
				GCC_OPTIMIZATION_LEVEL = 0;
				GCC_PREPROCESSOR_DEFINITIONS = (
					"DEBUG=1",
					"$(inherited)",
				);
				GCC_WARN_64_TO_32_BIT_CONVERSION = YES;
				GCC_WARN_ABOUT_RETURN_TYPE = YES_ERROR;
				GCC_WARN_UNDECLARED_SELECTOR = YES;
				GCC_WARN_UNINITIALIZED_AUTOS = YES_AGGRESSIVE;
				GCC_WARN_UNUSED_FUNCTION = YES;
				GCC_WARN_UNUSED_VARIABLE = YES;
				IPHONEOS_DEPLOYMENT_TARGET = 11.2;
				MTL_ENABLE_DEBUG_INFO = YES;
				ONLY_ACTIVE_ARCH = YES;
				SDKROOT = iphoneos;
				SWIFT_ACTIVE_COMPILATION_CONDITIONS = DEBUG;
				SWIFT_OPTIMIZATION_LEVEL = "-Onone";
			};
			name = Debug;
		};
		E2DD535520224F8C002E7CCF /* Release */ = {
			isa = XCBuildConfiguration;
			buildSettings = {
				ALWAYS_SEARCH_USER_PATHS = NO;
				CLANG_ANALYZER_NONNULL = YES;
				CLANG_ANALYZER_NUMBER_OBJECT_CONVERSION = YES_AGGRESSIVE;
				CLANG_CXX_LANGUAGE_STANDARD = "gnu++14";
				CLANG_CXX_LIBRARY = "libc++";
				CLANG_ENABLE_MODULES = YES;
				CLANG_ENABLE_OBJC_ARC = YES;
				CLANG_WARN_BLOCK_CAPTURE_AUTORELEASING = YES;
				CLANG_WARN_BOOL_CONVERSION = YES;
				CLANG_WARN_COMMA = YES;
				CLANG_WARN_CONSTANT_CONVERSION = YES;
				CLANG_WARN_DEPRECATED_OBJC_IMPLEMENTATIONS = YES;
				CLANG_WARN_DIRECT_OBJC_ISA_USAGE = YES_ERROR;
				CLANG_WARN_DOCUMENTATION_COMMENTS = YES;
				CLANG_WARN_EMPTY_BODY = YES;
				CLANG_WARN_ENUM_CONVERSION = YES;
				CLANG_WARN_INFINITE_RECURSION = YES;
				CLANG_WARN_INT_CONVERSION = YES;
				CLANG_WARN_NON_LITERAL_NULL_CONVERSION = YES;
				CLANG_WARN_OBJC_IMPLICIT_RETAIN_SELF = YES;
				CLANG_WARN_OBJC_LITERAL_CONVERSION = YES;
				CLANG_WARN_OBJC_ROOT_CLASS = YES_ERROR;
				CLANG_WARN_RANGE_LOOP_ANALYSIS = YES;
				CLANG_WARN_STRICT_PROTOTYPES = YES;
				CLANG_WARN_SUSPICIOUS_MOVE = YES;
				CLANG_WARN_UNGUARDED_AVAILABILITY = YES_AGGRESSIVE;
				CLANG_WARN_UNREACHABLE_CODE = YES;
				CLANG_WARN__DUPLICATE_METHOD_MATCH = YES;
				CODE_SIGN_IDENTITY = "iPhone Developer";
				COPY_PHASE_STRIP = NO;
				DEBUG_INFORMATION_FORMAT = "dwarf-with-dsym";
				ENABLE_NS_ASSERTIONS = NO;
				ENABLE_STRICT_OBJC_MSGSEND = YES;
				GCC_C_LANGUAGE_STANDARD = gnu11;
				GCC_NO_COMMON_BLOCKS = YES;
				GCC_WARN_64_TO_32_BIT_CONVERSION = YES;
				GCC_WARN_ABOUT_RETURN_TYPE = YES_ERROR;
				GCC_WARN_UNDECLARED_SELECTOR = YES;
				GCC_WARN_UNINITIALIZED_AUTOS = YES_AGGRESSIVE;
				GCC_WARN_UNUSED_FUNCTION = YES;
				GCC_WARN_UNUSED_VARIABLE = YES;
				IPHONEOS_DEPLOYMENT_TARGET = 11.2;
				MTL_ENABLE_DEBUG_INFO = NO;
				SDKROOT = iphoneos;
				SWIFT_OPTIMIZATION_LEVEL = "-Owholemodule";
				VALIDATE_PRODUCT = YES;
			};
			name = Release;
		};
		E2DD535720224F8C002E7CCF /* Debug */ = {
			isa = XCBuildConfiguration;
			buildSettings = {
				ASSETCATALOG_COMPILER_APPICON_NAME = AppIcon;
				CODE_SIGN_IDENTITY = "iPhone Developer";
				"CODE_SIGN_IDENTITY[sdk=iphoneos*]" = "iPhone Developer";
				CODE_SIGN_STYLE = Automatic;
				DEVELOPMENT_TEAM = N3HG6C68EY;
				INFOPLIST_FILE = "$(SRCROOT)/BottleRocketRestaurant/SupportingFiles/Info.plist";
				LD_RUNPATH_SEARCH_PATHS = "$(inherited) @executable_path/Frameworks";
				PRODUCT_BUNDLE_IDENTIFIER = com.pawel.milek.BottleRocketRestaurant;
				PRODUCT_NAME = "$(TARGET_NAME)";
				PROVISIONING_PROFILE_SPECIFIER = "";
				SWIFT_VERSION = 4.0;
				TARGETED_DEVICE_FAMILY = "1,2";
			};
			name = Debug;
		};
		E2DD535820224F8C002E7CCF /* Release */ = {
			isa = XCBuildConfiguration;
			buildSettings = {
				ASSETCATALOG_COMPILER_APPICON_NAME = AppIcon;
				CODE_SIGN_IDENTITY = "iPhone Developer";
				"CODE_SIGN_IDENTITY[sdk=iphoneos*]" = "iPhone Developer";
				CODE_SIGN_STYLE = Automatic;
				DEVELOPMENT_TEAM = N3HG6C68EY;
				INFOPLIST_FILE = "$(SRCROOT)/BottleRocketRestaurant/SupportingFiles/Info.plist";
				LD_RUNPATH_SEARCH_PATHS = "$(inherited) @executable_path/Frameworks";
				PRODUCT_BUNDLE_IDENTIFIER = com.pawel.milek.BottleRocketRestaurant;
				PRODUCT_NAME = "$(TARGET_NAME)";
				PROVISIONING_PROFILE_SPECIFIER = "";
				SWIFT_VERSION = 4.0;
				TARGETED_DEVICE_FAMILY = "1,2";
			};
			name = Release;
		};
/* End XCBuildConfiguration section */

/* Begin XCConfigurationList section */
		E2DD533F20224F8C002E7CCF /* Build configuration list for PBXProject "BottleRocketRestaurant" */ = {
			isa = XCConfigurationList;
			buildConfigurations = (
				E2DD535420224F8C002E7CCF /* Debug */,
				E2DD535520224F8C002E7CCF /* Release */,
			);
			defaultConfigurationIsVisible = 0;
			defaultConfigurationName = Release;
		};
		E2DD535620224F8C002E7CCF /* Build configuration list for PBXNativeTarget "BottleRocketRestaurant" */ = {
			isa = XCConfigurationList;
			buildConfigurations = (
				E2DD535720224F8C002E7CCF /* Debug */,
				E2DD535820224F8C002E7CCF /* Release */,
			);
			defaultConfigurationIsVisible = 0;
			defaultConfigurationName = Release;
		};
/* End XCConfigurationList section */
	};
	rootObject = E2DD533C20224F8C002E7CCF /* Project object */;
}
